
Microsoft Visual Studio Solution File, Format Version 12.00
# Visual Studio Version 17
VisualStudioVersion = 17.9.34616.47
MinimumVisualStudioVersion = 10.0.40219.1
Project("{FAE04EC0-301F-11D3-BF4B-00C04F79EFBC}") = "interfaz-grafica-zoila", "interfaz-grafica-zoila.csproj", "{099C2A5B-CF5A-4C6E-A228-281E2F0A8ADE}"
EndProject
Global
	GlobalSection(SolutionConfigurationPlatforms) = preSolution
		Debug|Any CPU = Debug|Any CPU
		Release|Any CPU = Release|Any CPU
	EndGlobalSection
	GlobalSection(ProjectConfigurationPlatforms) = postSolution
		{099C2A5B-CF5A-4C6E-A228-281E2F0A8ADE}.Debug|Any CPU.ActiveCfg = Debug|Any CPU
		{099C2A5B-CF5A-4C6E-A228-281E2F0A8ADE}.Debug|Any CPU.Build.0 = Debug|Any CPU
		{099C2A5B-CF5A-4C6E-A228-281E2F0A8ADE}.Release|Any CPU.ActiveCfg = Release|Any CPU
		{099C2A5B-CF5A-4C6E-A228-281E2F0A8ADE}.Release|Any CPU.Build.0 = Release|Any CPU
	EndGlobalSection
	GlobalSection(SolutionProperties) = preSolution
		HideSolutionNode = FALSE
	EndGlobalSection
	GlobalSection(ExtensibilityGlobals) = postSolution
		SolutionGuid = {5473AB03-C30A-4A7A-AB79-88EA2E693FDE}
	EndGlobalSection
EndGlobal
